
Microsoft Visual Studio Solution File, Format Version 10.00
# Visual Studio 2008
Project("{8BC9CEB8-8B4A-11D0-8D11-00A0C91BC942}") = "HDRRendering", "HDRRendering.vcproj", "{C4DF16CF-B87D-4A21-9C8F-3D2A8503ED44}"
EndProject
Global
	GlobalSection(SolutionConfigurationPlatforms) = preSolution
		Debug|Win32 = Debug|Win32
		Release|Win32 = Release|Win32
	EndGlobalSection
	GlobalSection(ProjectConfigurationPlatforms) = postSolution
		{C4DF16CF-B87D-4A21-9C8F-3D2A8503ED44}.Debug|Win32.ActiveCfg = Debug|Win32
		{C4DF16CF-B87D-4A21-9C8F-3D2A8503ED44}.Debug|Win32.Build.0 = Debug|Win32
		{C4DF16CF-B87D-4A21-9C8F-3D2A8503ED44}.Release|Win32.ActiveCfg = Release|Win32
		{C4DF16CF-B87D-4A21-9C8F-3D2A8503ED44}.Release|Win32.Build.0 = Release|Win32
	EndGlobalSection
	GlobalSection(SolutionProperties) = preSolution
		HideSolutionNode = FALSE
	EndGlobalSection
EndGlobal
